
Microsoft Visual Studio Solution File, Format Version 12.00
# Visual Studio Version 16
VisualStudioVersion = 16.0.31702.278
MinimumVisualStudioVersion = 10.0.40219.1
Project("{FAE04EC0-301F-11D3-BF4B-00C04F79EFBC}") = "lab3.1", "lab3.1\lab3.1.csproj", "{68A1DE84-8B67-49EF-A39C-5044B72D0298}"
EndProject
Global
	GlobalSection(SolutionConfigurationPlatforms) = preSolution
		Debug|Any CPU = Debug|Any CPU
		Release|Any CPU = Release|Any CPU
	EndGlobalSection
	GlobalSection(ProjectConfigurationPlatforms) = postSolution
		{68A1DE84-8B67-49EF-A39C-5044B72D0298}.Debug|Any CPU.ActiveCfg = Debug|Any CPU
		{68A1DE84-8B67-49EF-A39C-5044B72D0298}.Debug|Any CPU.Build.0 = Debug|Any CPU
		{68A1DE84-8B67-49EF-A39C-5044B72D0298}.Release|Any CPU.ActiveCfg = Release|Any CPU
		{68A1DE84-8B67-49EF-A39C-5044B72D0298}.Release|Any CPU.Build.0 = Release|Any CPU
	EndGlobalSection
	GlobalSection(SolutionProperties) = preSolution
		HideSolutionNode = FALSE
	EndGlobalSection
	GlobalSection(ExtensibilityGlobals) = postSolution
		SolutionGuid = {EA4B1482-9C4E-43F1-90B3-4F853467291A}
	EndGlobalSection
EndGlobal
